
Microsoft Visual Studio Solution File, Format Version 11.00
# Visual Studio 2010
Project("{FAE04EC0-301F-11D3-BF4B-00C04F79EFBC}") = "BitsBlog.Security", "BitsBlog.Security\BitsBlog.Security.csproj", "{107EDECD-A2E2-4E62-98AB-825BB6FE2B06}"
EndProject
Global
	GlobalSection(SolutionConfigurationPlatforms) = preSolution
		Debug|Any CPU = Debug|Any CPU
		Release|Any CPU = Release|Any CPU
	EndGlobalSection
	GlobalSection(ProjectConfigurationPlatforms) = postSolution
		{107EDECD-A2E2-4E62-98AB-825BB6FE2B06}.Debug|Any CPU.ActiveCfg = Debug|Any CPU
		{107EDECD-A2E2-4E62-98AB-825BB6FE2B06}.Debug|Any CPU.Build.0 = Debug|Any CPU
		{107EDECD-A2E2-4E62-98AB-825BB6FE2B06}.Release|Any CPU.ActiveCfg = Release|Any CPU
		{107EDECD-A2E2-4E62-98AB-825BB6FE2B06}.Release|Any CPU.Build.0 = Release|Any CPU
	EndGlobalSection
	GlobalSection(SolutionProperties) = preSolution
		HideSolutionNode = FALSE
	EndGlobalSection
EndGlobal
